// !$*UTF8*$!
{
	archiveVersion = 1;
	classes = {
	};
	objectVersion = 51;
	objects = {

/* Begin PBXBuildFile section */
		47174FBA2365058D00AB6C20 /* ReportsModel.swift in Sources */ = {isa = PBXBuildFile; fileRef = 47174FB92365058D00AB6C20 /* ReportsModel.swift */; };
		47174FBC2365087600AB6C20 /* ReportService.swift in Sources */ = {isa = PBXBuildFile; fileRef = 47174FBB2365087600AB6C20 /* ReportService.swift */; };
		47180A7F23839F4600F9FDB8 /* ReportDetailViewController.swift in Sources */ = {isa = PBXBuildFile; fileRef = 47180A7E23839F4600F9FDB8 /* ReportDetailViewController.swift */; };
		473305F9236148270015EF38 /* AppDelegate.swift in Sources */ = {isa = PBXBuildFile; fileRef = 473305F8236148270015EF38 /* AppDelegate.swift */; };
		473305FB236148270015EF38 /* SceneDelegate.swift in Sources */ = {isa = PBXBuildFile; fileRef = 473305FA236148270015EF38 /* SceneDelegate.swift */; };
		473305FD236148270015EF38 /* ViewController.swift in Sources */ = {isa = PBXBuildFile; fileRef = 473305FC236148270015EF38 /* ViewController.swift */; };
		47330600236148270015EF38 /* Main.storyboard in Resources */ = {isa = PBXBuildFile; fileRef = 473305FE236148270015EF38 /* Main.storyboard */; };
		473306022361482D0015EF38 /* Assets.xcassets in Resources */ = {isa = PBXBuildFile; fileRef = 473306012361482D0015EF38 /* Assets.xcassets */; };
		473306052361482D0015EF38 /* LaunchScreen.storyboard in Resources */ = {isa = PBXBuildFile; fileRef = 473306032361482D0015EF38 /* LaunchScreen.storyboard */; };
		477279692395DCAF00F16A63 /* images in Resources */ = {isa = PBXBuildFile; fileRef = 477279682395DCAF00F16A63 /* images */; };
		47991FB323832AFA0036609A /* ReportConfirmationViewController.swift in Sources */ = {isa = PBXBuildFile; fileRef = 47991FB223832AFA0036609A /* ReportConfirmationViewController.swift */; };
		47A816A6236F78BC004F9B26 /* ReportsTableViewController.swift in Sources */ = {isa = PBXBuildFile; fileRef = 47A816A5236F78BC004F9B26 /* ReportsTableViewController.swift */; };
		47E73697236FC8280026AF22 /* ReportTableViewCell.swift in Sources */ = {isa = PBXBuildFile; fileRef = 47E73696236FC8280026AF22 /* ReportTableViewCell.swift */; };
		6F2F51D3236156CA00163F21 /* LoginViewController.swift in Sources */ = {isa = PBXBuildFile; fileRef = 6F2F51D2236156CA00163F21 /* LoginViewController.swift */; };
		6F2F51D5236158F800163F21 /* ClientViewController.swift in Sources */ = {isa = PBXBuildFile; fileRef = 6F2F51D4236158F800163F21 /* ClientViewController.swift */; };
		6F2F51D723615A4E00163F21 /* ReportViewController.swift in Sources */ = {isa = PBXBuildFile; fileRef = 6F2F51D623615A4E00163F21 /* ReportViewController.swift */; };
		6F357BD1237612DD00EB83B5 /* CameraViewController.swift in Sources */ = {isa = PBXBuildFile; fileRef = 6F357BD0237612DD00EB83B5 /* CameraViewController.swift */; };
		6F89938D23874A4800B68958 /* UITextView+Additions.swift in Sources */ = {isa = PBXBuildFile; fileRef = 6F89938C23874A4800B68958 /* UITextView+Additions.swift */; };
		6FA519DD2363742E0062A85B /* MapViewController.swift in Sources */ = {isa = PBXBuildFile; fileRef = 6FA519DC2363742E0062A85B /* MapViewController.swift */; };
		6FB0CF4B237B55E100617FC9 /* GoogleService-Info.plist in Resources */ = {isa = PBXBuildFile; fileRef = 6FB0CF4A237B55E100617FC9 /* GoogleService-Info.plist */; };
		AB57F4E9CF8505516B8D3F1F /* Pods_save_our_species.framework in Frameworks */ = {isa = PBXBuildFile; fileRef = ED29304EAAEABEE0ADD090EE /* Pods_save_our_species.framework */; };
/* End PBXBuildFile section */

/* Begin PBXFileReference section */
		47174FB92365058D00AB6C20 /* ReportsModel.swift */ = {isa = PBXFileReference; lastKnownFileType = sourcecode.swift; path = ReportsModel.swift; sourceTree = "<group>"; };
		47174FBB2365087600AB6C20 /* ReportService.swift */ = {isa = PBXFileReference; lastKnownFileType = sourcecode.swift; path = ReportService.swift; sourceTree = "<group>"; };
		47180A7E23839F4600F9FDB8 /* ReportDetailViewController.swift */ = {isa = PBXFileReference; lastKnownFileType = sourcecode.swift; path = ReportDetailViewController.swift; sourceTree = "<group>"; };
		473305F5236148270015EF38 /* SOS.app */ = {isa = PBXFileReference; explicitFileType = wrapper.application; includeInIndex = 0; path = SOS.app; sourceTree = BUILT_PRODUCTS_DIR; };
		473305F8236148270015EF38 /* AppDelegate.swift */ = {isa = PBXFileReference; lastKnownFileType = sourcecode.swift; path = AppDelegate.swift; sourceTree = "<group>"; };
		473305FA236148270015EF38 /* SceneDelegate.swift */ = {isa = PBXFileReference; lastKnownFileType = sourcecode.swift; path = SceneDelegate.swift; sourceTree = "<group>"; };
		473305FC236148270015EF38 /* ViewController.swift */ = {isa = PBXFileReference; lastKnownFileType = sourcecode.swift; path = ViewController.swift; sourceTree = "<group>"; };
		473305FF236148270015EF38 /* Base */ = {isa = PBXFileReference; lastKnownFileType = file.storyboard; name = Base; path = Base.lproj/Main.storyboard; sourceTree = "<group>"; };
		473306012361482D0015EF38 /* Assets.xcassets */ = {isa = PBXFileReference; lastKnownFileType = folder.assetcatalog; path = Assets.xcassets; sourceTree = "<group>"; };
		473306042361482D0015EF38 /* Base */ = {isa = PBXFileReference; lastKnownFileType = file.storyboard; name = Base; path = Base.lproj/LaunchScreen.storyboard; sourceTree = "<group>"; };
		473306062361482D0015EF38 /* Info.plist */ = {isa = PBXFileReference; lastKnownFileType = text.plist.xml; path = Info.plist; sourceTree = "<group>"; };
		477279682395DCAF00F16A63 /* images */ = {isa = PBXFileReference; lastKnownFileType = folder; path = images; sourceTree = "<group>"; };
		47991FB223832AFA0036609A /* ReportConfirmationViewController.swift */ = {isa = PBXFileReference; lastKnownFileType = sourcecode.swift; path = ReportConfirmationViewController.swift; sourceTree = "<group>"; };
		47A816A5236F78BC004F9B26 /* ReportsTableViewController.swift */ = {isa = PBXFileReference; lastKnownFileType = sourcecode.swift; path = ReportsTableViewController.swift; sourceTree = "<group>"; };
		47E73696236FC8280026AF22 /* ReportTableViewCell.swift */ = {isa = PBXFileReference; lastKnownFileType = sourcecode.swift; path = ReportTableViewCell.swift; sourceTree = "<group>"; };
		6F2F51D2236156CA00163F21 /* LoginViewController.swift */ = {isa = PBXFileReference; lastKnownFileType = sourcecode.swift; path = LoginViewController.swift; sourceTree = "<group>"; };
		6F2F51D4236158F800163F21 /* ClientViewController.swift */ = {isa = PBXFileReference; lastKnownFileType = sourcecode.swift; path = ClientViewController.swift; sourceTree = "<group>"; };
		6F2F51D623615A4E00163F21 /* ReportViewController.swift */ = {isa = PBXFileReference; lastKnownFileType = sourcecode.swift; path = ReportViewController.swift; sourceTree = "<group>"; };
		6F357BD0237612DD00EB83B5 /* CameraViewController.swift */ = {isa = PBXFileReference; lastKnownFileType = sourcecode.swift; path = CameraViewController.swift; sourceTree = "<group>"; };
		6F89938C23874A4800B68958 /* UITextView+Additions.swift */ = {isa = PBXFileReference; lastKnownFileType = sourcecode.swift; path = "UITextView+Additions.swift"; sourceTree = "<group>"; };
		6FA519DC2363742E0062A85B /* MapViewController.swift */ = {isa = PBXFileReference; lastKnownFileType = sourcecode.swift; path = MapViewController.swift; sourceTree = "<group>"; };
		6FB0CF4A237B55E100617FC9 /* GoogleService-Info.plist */ = {isa = PBXFileReference; fileEncoding = 4; lastKnownFileType = text.plist.xml; path = "GoogleService-Info.plist"; sourceTree = "<group>"; };
		853708C1A12F8F23D8DDC573 /* Pods-save-our-species.release.xcconfig */ = {isa = PBXFileReference; includeInIndex = 1; lastKnownFileType = text.xcconfig; name = "Pods-save-our-species.release.xcconfig"; path = "Target Support Files/Pods-save-our-species/Pods-save-our-species.release.xcconfig"; sourceTree = "<group>"; };
		CB9446BF1FF96F016BE9F5EA /* Pods-save-our-species.debug.xcconfig */ = {isa = PBXFileReference; includeInIndex = 1; lastKnownFileType = text.xcconfig; name = "Pods-save-our-species.debug.xcconfig"; path = "Target Support Files/Pods-save-our-species/Pods-save-our-species.debug.xcconfig"; sourceTree = "<group>"; };
		ED29304EAAEABEE0ADD090EE /* Pods_save_our_species.framework */ = {isa = PBXFileReference; explicitFileType = wrapper.framework; includeInIndex = 0; path = Pods_save_our_species.framework; sourceTree = BUILT_PRODUCTS_DIR; };
/* End PBXFileReference section */

/* Begin PBXFrameworksBuildPhase section */
		473305F2236148270015EF38 /* Frameworks */ = {
			isa = PBXFrameworksBuildPhase;
			buildActionMask = 2147483647;
			files = (
				AB57F4E9CF8505516B8D3F1F /* Pods_save_our_species.framework in Frameworks */,
			);
			runOnlyForDeploymentPostprocessing = 0;
		};
/* End PBXFrameworksBuildPhase section */

/* Begin PBXGroup section */
		2C8FBA9E42688E400F5331E8 /* Frameworks */ = {
			isa = PBXGroup;
			children = (
				ED29304EAAEABEE0ADD090EE /* Pods_save_our_species.framework */,
			);
			name = Frameworks;
			sourceTree = "<group>";
		};
		473305EC236148270015EF38 = {
			isa = PBXGroup;
			children = (
				473305F7236148270015EF38 /* save-our-species */,
				473305F6236148270015EF38 /* Products */,
				BA0C1F285B7920890FB1444A /* Pods */,
				2C8FBA9E42688E400F5331E8 /* Frameworks */,
				477279682395DCAF00F16A63 /* images */,
			);
			sourceTree = "<group>";
		};
		473305F6236148270015EF38 /* Products */ = {
			isa = PBXGroup;
			children = (
				473305F5236148270015EF38 /* SOS.app */,
			);
			name = Products;
			sourceTree = "<group>";
		};
		473305F7236148270015EF38 /* save-our-species */ = {
			isa = PBXGroup;
			children = (
				473306062361482D0015EF38 /* Info.plist */,
				6FB0CF4A237B55E100617FC9 /* GoogleService-Info.plist */,
				473306012361482D0015EF38 /* Assets.xcassets */,
				473305FE236148270015EF38 /* Main.storyboard */,
				473305F8236148270015EF38 /* AppDelegate.swift */,
				473305FA236148270015EF38 /* SceneDelegate.swift */,
				473305FC236148270015EF38 /* ViewController.swift */,
				6F2F51D4236158F800163F21 /* ClientViewController.swift */,
				6F357BD0237612DD00EB83B5 /* CameraViewController.swift */,
				6FA519DC2363742E0062A85B /* MapViewController.swift */,
				6F2F51D2236156CA00163F21 /* LoginViewController.swift */,
				6F2F51D623615A4E00163F21 /* ReportViewController.swift */,
				6F89938C23874A4800B68958 /* UITextView+Additions.swift */,
				473306032361482D0015EF38 /* LaunchScreen.storyboard */,
				47174FBB2365087600AB6C20 /* ReportService.swift */,
				47174FB92365058D00AB6C20 /* ReportsModel.swift */,
				47A816A5236F78BC004F9B26 /* ReportsTableViewController.swift */,
				47E73696236FC8280026AF22 /* ReportTableViewCell.swift */,
				47991FB223832AFA0036609A /* ReportConfirmationViewController.swift */,
				47180A7E23839F4600F9FDB8 /* ReportDetailViewController.swift */,
			);
			path = "save-our-species";
			sourceTree = "<group>";
		};
		BA0C1F285B7920890FB1444A /* Pods */ = {
			isa = PBXGroup;
			children = (
				CB9446BF1FF96F016BE9F5EA /* Pods-save-our-species.debug.xcconfig */,
				853708C1A12F8F23D8DDC573 /* Pods-save-our-species.release.xcconfig */,
			);
			path = Pods;
			sourceTree = "<group>";
		};
/* End PBXGroup section */

/* Begin PBXNativeTarget section */
		473305F4236148270015EF38 /* save-our-species */ = {
			isa = PBXNativeTarget;
			buildConfigurationList = 473306092361482D0015EF38 /* Build configuration list for PBXNativeTarget "save-our-species" */;
			buildPhases = (
				108F0920BC30700A9319ADF4 /* [CP] Check Pods Manifest.lock */,
				473305F1236148270015EF38 /* Sources */,
				473305F2236148270015EF38 /* Frameworks */,
				473305F3236148270015EF38 /* Resources */,
				D3D707431E0591208F183CA9 /* [CP] Embed Pods Frameworks */,
				34AC06DAEB22A8BB20F66AC1 /* [CP] Copy Pods Resources */,
			);
			buildRules = (
			);
			dependencies = (
			);
			name = "save-our-species";
			productName = "save-our-species";
			productReference = 473305F5236148270015EF38 /* SOS.app */;
			productType = "com.apple.product-type.application";
		};
/* End PBXNativeTarget section */

/* Begin PBXProject section */
		473305ED236148270015EF38 /* Project object */ = {
			isa = PBXProject;
			attributes = {
				LastSwiftUpdateCheck = 1110;
				LastUpgradeCheck = 1110;
				ORGANIZATIONNAME = MarineVP;
				TargetAttributes = {
					473305F4236148270015EF38 = {
						CreatedOnToolsVersion = 11.1;
					};
				};
			};
			buildConfigurationList = 473305F0236148270015EF38 /* Build configuration list for PBXProject "save-our-species" */;
			compatibilityVersion = "Xcode 9.3";
			developmentRegion = en;
			hasScannedForEncodings = 0;
			knownRegions = (
				en,
				Base,
			);
			mainGroup = 473305EC236148270015EF38;
			productRefGroup = 473305F6236148270015EF38 /* Products */;
			projectDirPath = "";
			projectRoot = "";
			targets = (
				473305F4236148270015EF38 /* save-our-species */,
			);
		};
/* End PBXProject section */

/* Begin PBXResourcesBuildPhase section */
		473305F3236148270015EF38 /* Resources */ = {
			isa = PBXResourcesBuildPhase;
			buildActionMask = 2147483647;
			files = (
				477279692395DCAF00F16A63 /* images in Resources */,
				473306052361482D0015EF38 /* LaunchScreen.storyboard in Resources */,
				6FB0CF4B237B55E100617FC9 /* GoogleService-Info.plist in Resources */,
				473306022361482D0015EF38 /* Assets.xcassets in Resources */,
				47330600236148270015EF38 /* Main.storyboard in Resources */,
			);
			runOnlyForDeploymentPostprocessing = 0;
		};
/* End PBXResourcesBuildPhase section */

/* Begin PBXShellScriptBuildPhase section */
		108F0920BC30700A9319ADF4 /* [CP] Check Pods Manifest.lock */ = {
			isa = PBXShellScriptBuildPhase;
			buildActionMask = 2147483647;
			files = (
			);
			inputFileListPaths = (
			);
			inputPaths = (
				"${PODS_PODFILE_DIR_PATH}/Podfile.lock",
				"${PODS_ROOT}/Manifest.lock",
			);
			name = "[CP] Check Pods Manifest.lock";
			outputFileListPaths = (
			);
			outputPaths = (
				"$(DERIVED_FILE_DIR)/Pods-save-our-species-checkManifestLockResult.txt",
			);
			runOnlyForDeploymentPostprocessing = 0;
			shellPath = /bin/sh;
			shellScript = "diff \"${PODS_PODFILE_DIR_PATH}/Podfile.lock\" \"${PODS_ROOT}/Manifest.lock\" > /dev/null\nif [ $? != 0 ] ; then\n    # print error to STDERR\n    echo \"error: The sandbox is not in sync with the Podfile.lock. Run 'pod install' or update your CocoaPods installation.\" >&2\n    exit 1\nfi\n# This output is used by Xcode 'outputs' to avoid re-running this script phase.\necho \"SUCCESS\" > \"${SCRIPT_OUTPUT_FILE_0}\"\n";
			showEnvVarsInLog = 0;
		};
		34AC06DAEB22A8BB20F66AC1 /* [CP] Copy Pods Resources */ = {
			isa = PBXShellScriptBuildPhase;
			buildActionMask = 2147483647;
			files = (
			);
			inputFileListPaths = (
				"${PODS_ROOT}/Target Support Files/Pods-save-our-species/Pods-save-our-species-resources-${CONFIGURATION}-input-files.xcfilelist",
			);
			name = "[CP] Copy Pods Resources";
			outputFileListPaths = (
				"${PODS_ROOT}/Target Support Files/Pods-save-our-species/Pods-save-our-species-resources-${CONFIGURATION}-output-files.xcfilelist",
			);
			runOnlyForDeploymentPostprocessing = 0;
			shellPath = /bin/sh;
			shellScript = "\"${PODS_ROOT}/Target Support Files/Pods-save-our-species/Pods-save-our-species-resources.sh\"\n";
			showEnvVarsInLog = 0;
		};
		D3D707431E0591208F183CA9 /* [CP] Embed Pods Frameworks */ = {
			isa = PBXShellScriptBuildPhase;
			buildActionMask = 2147483647;
			files = (
			);
			inputFileListPaths = (
				"${PODS_ROOT}/Target Support Files/Pods-save-our-species/Pods-save-our-species-frameworks-${CONFIGURATION}-input-files.xcfilelist",
			);
			name = "[CP] Embed Pods Frameworks";
			outputFileListPaths = (
				"${PODS_ROOT}/Target Support Files/Pods-save-our-species/Pods-save-our-species-frameworks-${CONFIGURATION}-output-files.xcfilelist",
			);
			runOnlyForDeploymentPostprocessing = 0;
			shellPath = /bin/sh;
			shellScript = "\"${PODS_ROOT}/Target Support Files/Pods-save-our-species/Pods-save-our-species-frameworks.sh\"\n";
			showEnvVarsInLog = 0;
		};
/* End PBXShellScriptBuildPhase section */

/* Begin PBXSourcesBuildPhase section */
		473305F1236148270015EF38 /* Sources */ = {
			isa = PBXSourcesBuildPhase;
			buildActionMask = 2147483647;
			files = (
				6FA519DD2363742E0062A85B /* MapViewController.swift in Sources */,
				6F2F51D3236156CA00163F21 /* LoginViewController.swift in Sources */,
				47180A7F23839F4600F9FDB8 /* ReportDetailViewController.swift in Sources */,
				6F89938D23874A4800B68958 /* UITextView+Additions.swift in Sources */,
				47991FB323832AFA0036609A /* ReportConfirmationViewController.swift in Sources */,
				473305FD236148270015EF38 /* ViewController.swift in Sources */,
				6F2F51D723615A4E00163F21 /* ReportViewController.swift in Sources */,
				6F357BD1237612DD00EB83B5 /* CameraViewController.swift in Sources */,
				473305F9236148270015EF38 /* AppDelegate.swift in Sources */,
				6F2F51D5236158F800163F21 /* ClientViewController.swift in Sources */,
				47174FBA2365058D00AB6C20 /* ReportsModel.swift in Sources */,
				47174FBC2365087600AB6C20 /* ReportService.swift in Sources */,
				473305FB236148270015EF38 /* SceneDelegate.swift in Sources */,
				47E73697236FC8280026AF22 /* ReportTableViewCell.swift in Sources */,
				47A816A6236F78BC004F9B26 /* ReportsTableViewController.swift in Sources */,
			);
			runOnlyForDeploymentPostprocessing = 0;
		};
/* End PBXSourcesBuildPhase section */

/* Begin PBXVariantGroup section */
		473305FE236148270015EF38 /* Main.storyboard */ = {
			isa = PBXVariantGroup;
			children = (
				473305FF236148270015EF38 /* Base */,
			);
			name = Main.storyboard;
			sourceTree = "<group>";
		};
		473306032361482D0015EF38 /* LaunchScreen.storyboard */ = {
			isa = PBXVariantGroup;
			children = (
				473306042361482D0015EF38 /* Base */,
			);
			name = LaunchScreen.storyboard;
			sourceTree = "<group>";
		};
/* End PBXVariantGroup section */

/* Begin XCBuildConfiguration section */
		473306072361482D0015EF38 /* Debug */ = {
			isa = XCBuildConfiguration;
			buildSettings = {
				ALWAYS_SEARCH_USER_PATHS = NO;
				CLANG_ANALYZER_NONNULL = YES;
				CLANG_ANALYZER_NUMBER_OBJECT_CONVERSION = YES_AGGRESSIVE;
				CLANG_CXX_LANGUAGE_STANDARD = "gnu++14";
				CLANG_CXX_LIBRARY = "libc++";
				CLANG_ENABLE_MODULES = YES;
				CLANG_ENABLE_OBJC_ARC = YES;
				CLANG_ENABLE_OBJC_WEAK = YES;
				CLANG_WARN_BLOCK_CAPTURE_AUTORELEASING = YES;
				CLANG_WARN_BOOL_CONVERSION = YES;
				CLANG_WARN_COMMA = YES;
				CLANG_WARN_CONSTANT_CONVERSION = YES;
				CLANG_WARN_DEPRECATED_OBJC_IMPLEMENTATIONS = YES;
				CLANG_WARN_DIRECT_OBJC_ISA_USAGE = YES_ERROR;
				CLANG_WARN_DOCUMENTATION_COMMENTS = YES;
				CLANG_WARN_EMPTY_BODY = YES;
				CLANG_WARN_ENUM_CONVERSION = YES;
				CLANG_WARN_INFINITE_RECURSION = YES;
				CLANG_WARN_INT_CONVERSION = YES;
				CLANG_WARN_NON_LITERAL_NULL_CONVERSION = YES;
				CLANG_WARN_OBJC_IMPLICIT_RETAIN_SELF = YES;
				CLANG_WARN_OBJC_LITERAL_CONVERSION = YES;
				CLANG_WARN_OBJC_ROOT_CLASS = YES_ERROR;
				CLANG_WARN_RANGE_LOOP_ANALYSIS = YES;
				CLANG_WARN_STRICT_PROTOTYPES = YES;
				CLANG_WARN_SUSPICIOUS_MOVE = YES;
				CLANG_WARN_UNGUARDED_AVAILABILITY = YES_AGGRESSIVE;
				CLANG_WARN_UNREACHABLE_CODE = YES;
				CLANG_WARN__DUPLICATE_METHOD_MATCH = YES;
				COPY_PHASE_STRIP = NO;
				DEBUG_INFORMATION_FORMAT = dwarf;
				ENABLE_STRICT_OBJC_MSGSEND = YES;
				ENABLE_TESTABILITY = YES;
				GCC_C_LANGUAGE_STANDARD = gnu11;
				GCC_DYNAMIC_NO_PIC = NO;
				GCC_NO_COMMON_BLOCKS = YES;
				GCC_OPTIMIZATION_LEVEL = 0;
				GCC_PREPROCESSOR_DEFINITIONS = (
					"DEBUG=1",
					"$(inherited)",
				);
				GCC_WARN_64_TO_32_BIT_CONVERSION = YES;
				GCC_WARN_ABOUT_RETURN_TYPE = YES_ERROR;
				GCC_WARN_UNDECLARED_SELECTOR = YES;
				GCC_WARN_UNINITIALIZED_AUTOS = YES_AGGRESSIVE;
				GCC_WARN_UNUSED_FUNCTION = YES;
				GCC_WARN_UNUSED_VARIABLE = YES;
				IPHONEOS_DEPLOYMENT_TARGET = 13.1;
				MTL_ENABLE_DEBUG_INFO = INCLUDE_SOURCE;
				MTL_FAST_MATH = YES;
				ONLY_ACTIVE_ARCH = YES;
				SDKROOT = iphoneos;
				SWIFT_ACTIVE_COMPILATION_CONDITIONS = DEBUG;
				SWIFT_OPTIMIZATION_LEVEL = "-Onone";
			};
			name = Debug;
		};
		473306082361482D0015EF38 /* Release */ = {
			isa = XCBuildConfiguration;
			buildSettings = {
				ALWAYS_SEARCH_USER_PATHS = NO;
				CLANG_ANALYZER_NONNULL = YES;
				CLANG_ANALYZER_NUMBER_OBJECT_CONVERSION = YES_AGGRESSIVE;
				CLANG_CXX_LANGUAGE_STANDARD = "gnu++14";
				CLANG_CXX_LIBRARY = "libc++";
				CLANG_ENABLE_MODULES = YES;
				CLANG_ENABLE_OBJC_ARC = YES;
				CLANG_ENABLE_OBJC_WEAK = YES;
				CLANG_WARN_BLOCK_CAPTURE_AUTORELEASING = YES;
				CLANG_WARN_BOOL_CONVERSION = YES;
				CLANG_WARN_COMMA = YES;
				CLANG_WARN_CONSTANT_CONVERSION = YES;
				CLANG_WARN_DEPRECATED_OBJC_IMPLEMENTATIONS = YES;
				CLANG_WARN_DIRECT_OBJC_ISA_USAGE = YES_ERROR;
				CLANG_WARN_DOCUMENTATION_COMMENTS = YES;
				CLANG_WARN_EMPTY_BODY = YES;
				CLANG_WARN_ENUM_CONVERSION = YES;
				CLANG_WARN_INFINITE_RECURSION = YES;
				CLANG_WARN_INT_CONVERSION = YES;
				CLANG_WARN_NON_LITERAL_NULL_CONVERSION = YES;
				CLANG_WARN_OBJC_IMPLICIT_RETAIN_SELF = YES;
				CLANG_WARN_OBJC_LITERAL_CONVERSION = YES;
				CLANG_WARN_OBJC_ROOT_CLASS = YES_ERROR;
				CLANG_WARN_RANGE_LOOP_ANALYSIS = YES;
				CLANG_WARN_STRICT_PROTOTYPES = YES;
				CLANG_WARN_SUSPICIOUS_MOVE = YES;
				CLANG_WARN_UNGUARDED_AVAILABILITY = YES_AGGRESSIVE;
				CLANG_WARN_UNREACHABLE_CODE = YES;
				CLANG_WARN__DUPLICATE_METHOD_MATCH = YES;
				COPY_PHASE_STRIP = NO;
				DEBUG_INFORMATION_FORMAT = "dwarf-with-dsym";
				ENABLE_NS_ASSERTIONS = NO;
				ENABLE_STRICT_OBJC_MSGSEND = YES;
				GCC_C_LANGUAGE_STANDARD = gnu11;
				GCC_NO_COMMON_BLOCKS = YES;
				GCC_WARN_64_TO_32_BIT_CONVERSION = YES;
				GCC_WARN_ABOUT_RETURN_TYPE = YES_ERROR;
				GCC_WARN_UNDECLARED_SELECTOR = YES;
				GCC_WARN_UNINITIALIZED_AUTOS = YES_AGGRESSIVE;
				GCC_WARN_UNUSED_FUNCTION = YES;
				GCC_WARN_UNUSED_VARIABLE = YES;
				IPHONEOS_DEPLOYMENT_TARGET = 13.1;
				MTL_ENABLE_DEBUG_INFO = NO;
				MTL_FAST_MATH = YES;
				SDKROOT = iphoneos;
				SWIFT_COMPILATION_MODE = wholemodule;
				SWIFT_OPTIMIZATION_LEVEL = "-O";
				VALIDATE_PRODUCT = YES;
			};
			name = Release;
		};
		4733060A2361482D0015EF38 /* Debug */ = {
			isa = XCBuildConfiguration;
			baseConfigurationReference = CB9446BF1FF96F016BE9F5EA /* Pods-save-our-species.debug.xcconfig */;
			buildSettings = {
				ASSETCATALOG_COMPILER_APPICON_NAME = AppIcon;
				CODE_SIGN_STYLE = Automatic;
				DEVELOPMENT_TEAM = R2DW9R6CSV;
				INFOPLIST_FILE = "save-our-species/Info.plist";
				LD_RUNPATH_SEARCH_PATHS = (
					"$(inherited)",
					"@executable_path/Frameworks",
				);
				PRODUCT_BUNDLE_IDENTIFIER = "com.marinevp.save-our-species.1";
				PRODUCT_NAME = SOS;
				SWIFT_VERSION = 5.0;
				TARGETED_DEVICE_FAMILY = "1,2";
			};
			name = Debug;
		};
		4733060B2361482D0015EF38 /* Release */ = {
			isa = XCBuildConfiguration;
			baseConfigurationReference = 853708C1A12F8F23D8DDC573 /* Pods-save-our-species.release.xcconfig */;
			buildSettings = {
				ASSETCATALOG_COMPILER_APPICON_NAME = AppIcon;
				CODE_SIGN_STYLE = Automatic;
				DEVELOPMENT_TEAM = R2DW9R6CSV;
				INFOPLIST_FILE = "save-our-species/Info.plist";
				LD_RUNPATH_SEARCH_PATHS = (
					"$(inherited)",
					"@executable_path/Frameworks",
				);
				PRODUCT_BUNDLE_IDENTIFIER = "com.marinevp.save-our-species.1";
				PRODUCT_NAME = SOS;
				SWIFT_VERSION = 5.0;
				TARGETED_DEVICE_FAMILY = "1,2";
			};
			name = Release;
		};
/* End XCBuildConfiguration section */

/* Begin XCConfigurationList section */
		473305F0236148270015EF38 /* Build configuration list for PBXProject "save-our-species" */ = {
			isa = XCConfigurationList;
			buildConfigurations = (
				473306072361482D0015EF38 /* Debug */,
				473306082361482D0015EF38 /* Release */,
			);
			defaultConfigurationIsVisible = 0;
			defaultConfigurationName = Release;
		};
		473306092361482D0015EF38 /* Build configuration list for PBXNativeTarget "save-our-species" */ = {
			isa = XCConfigurationList;
			buildConfigurations = (
				4733060A2361482D0015EF38 /* Debug */,
				4733060B2361482D0015EF38 /* Release */,
			);
			defaultConfigurationIsVisible = 0;
			defaultConfigurationName = Release;
		};
/* End XCConfigurationList section */
	};
	rootObject = 473305ED236148270015EF38 /* Project object */;
}
