// !$*UTF8*$!
{
	archiveVersion = 1;
	classes = {
	};
	objectVersion = 50;
	objects = {

/* Begin PBXBuildFile section */
		47FFDF7B23593CC50006921E /* AppDelegate.swift in Sources */ = {isa = PBXBuildFile; fileRef = 47FFDF7A23593CC50006921E /* AppDelegate.swift */; };
		47FFDF7D23593CC50006921E /* SceneDelegate.swift in Sources */ = {isa = PBXBuildFile; fileRef = 47FFDF7C23593CC50006921E /* SceneDelegate.swift */; };
		47FFDF7F23593CC50006921E /* ContentView.swift in Sources */ = {isa = PBXBuildFile; fileRef = 47FFDF7E23593CC50006921E /* ContentView.swift */; };
		47FFDF8123593CC90006921E /* Assets.xcassets in Resources */ = {isa = PBXBuildFile; fileRef = 47FFDF8023593CC90006921E /* Assets.xcassets */; };
		47FFDF8423593CC90006921E /* Preview Assets.xcassets in Resources */ = {isa = PBXBuildFile; fileRef = 47FFDF8323593CC90006921E /* Preview Assets.xcassets */; };
		47FFDF8723593CC90006921E /* LaunchScreen.storyboard in Resources */ = {isa = PBXBuildFile; fileRef = 47FFDF8523593CC90006921E /* LaunchScreen.storyboard */; };
		4B2E899E54E716475603E370 /* Pods_save_our_species.framework in Frameworks */ = {isa = PBXBuildFile; fileRef = 9FB90DEE729B095EA61CE6AC /* Pods_save_our_species.framework */; };
/* End PBXBuildFile section */

/* Begin PBXFileReference section */
		11DECB4BB52F84F1CB36C721 /* Pods-save-our-species.release.xcconfig */ = {isa = PBXFileReference; includeInIndex = 1; lastKnownFileType = text.xcconfig; name = "Pods-save-our-species.release.xcconfig"; path = "Target Support Files/Pods-save-our-species/Pods-save-our-species.release.xcconfig"; sourceTree = "<group>"; };
		47FFDF7723593CC50006921E /* save-our-species.app */ = {isa = PBXFileReference; explicitFileType = wrapper.application; includeInIndex = 0; path = "save-our-species.app"; sourceTree = BUILT_PRODUCTS_DIR; };
		47FFDF7A23593CC50006921E /* AppDelegate.swift */ = {isa = PBXFileReference; lastKnownFileType = sourcecode.swift; path = AppDelegate.swift; sourceTree = "<group>"; };
		47FFDF7C23593CC50006921E /* SceneDelegate.swift */ = {isa = PBXFileReference; lastKnownFileType = sourcecode.swift; path = SceneDelegate.swift; sourceTree = "<group>"; };
		47FFDF7E23593CC50006921E /* ContentView.swift */ = {isa = PBXFileReference; lastKnownFileType = sourcecode.swift; path = ContentView.swift; sourceTree = "<group>"; };
		47FFDF8023593CC90006921E /* Assets.xcassets */ = {isa = PBXFileReference; lastKnownFileType = folder.assetcatalog; path = Assets.xcassets; sourceTree = "<group>"; };
		47FFDF8323593CC90006921E /* Preview Assets.xcassets */ = {isa = PBXFileReference; lastKnownFileType = folder.assetcatalog; path = "Preview Assets.xcassets"; sourceTree = "<group>"; };
		47FFDF8623593CC90006921E /* Base */ = {isa = PBXFileReference; lastKnownFileType = file.storyboard; name = Base; path = Base.lproj/LaunchScreen.storyboard; sourceTree = "<group>"; };
		47FFDF8823593CC90006921E /* Info.plist */ = {isa = PBXFileReference; lastKnownFileType = text.plist.xml; path = Info.plist; sourceTree = "<group>"; };
		9FB90DEE729B095EA61CE6AC /* Pods_save_our_species.framework */ = {isa = PBXFileReference; explicitFileType = wrapper.framework; includeInIndex = 0; path = Pods_save_our_species.framework; sourceTree = BUILT_PRODUCTS_DIR; };
		B89AC4F8D6A539525A1E5D30 /* Pods-save-our-species.debug.xcconfig */ = {isa = PBXFileReference; includeInIndex = 1; lastKnownFileType = text.xcconfig; name = "Pods-save-our-species.debug.xcconfig"; path = "Target Support Files/Pods-save-our-species/Pods-save-our-species.debug.xcconfig"; sourceTree = "<group>"; };
/* End PBXFileReference section */

/* Begin PBXFrameworksBuildPhase section */
		47FFDF7423593CC50006921E /* Frameworks */ = {
			isa = PBXFrameworksBuildPhase;
			buildActionMask = 2147483647;
			files = (
				4B2E899E54E716475603E370 /* Pods_save_our_species.framework in Frameworks */,
			);
			runOnlyForDeploymentPostprocessing = 0;
		};
/* End PBXFrameworksBuildPhase section */

/* Begin PBXGroup section */
		09288BBE4779938E6FE5AABF /* Pods */ = {
			isa = PBXGroup;
			children = (
				B89AC4F8D6A539525A1E5D30 /* Pods-save-our-species.debug.xcconfig */,
				11DECB4BB52F84F1CB36C721 /* Pods-save-our-species.release.xcconfig */,
			);
			name = Pods;
			path = Pods;
			sourceTree = "<group>";
		};
		47FFDF6E23593CC50006921E = {
			isa = PBXGroup;
			children = (
				47FFDF7923593CC50006921E /* save-our-species */,
				47FFDF7823593CC50006921E /* Products */,
				09288BBE4779938E6FE5AABF /* Pods */,
				B2BECAF281FFA7227A3E1995 /* Frameworks */,
			);
			sourceTree = "<group>";
		};
		47FFDF7823593CC50006921E /* Products */ = {
			isa = PBXGroup;
			children = (
				47FFDF7723593CC50006921E /* save-our-species.app */,
			);
			name = Products;
			sourceTree = "<group>";
		};
		47FFDF7923593CC50006921E /* save-our-species */ = {
			isa = PBXGroup;
			children = (
				47FFDF7A23593CC50006921E /* AppDelegate.swift */,
				47FFDF7C23593CC50006921E /* SceneDelegate.swift */,
				47FFDF7E23593CC50006921E /* ContentView.swift */,
				47FFDF8023593CC90006921E /* Assets.xcassets */,
				47FFDF8523593CC90006921E /* LaunchScreen.storyboard */,
				47FFDF8823593CC90006921E /* Info.plist */,
				47FFDF8223593CC90006921E /* Preview Content */,
			);
			path = "save-our-species";
			sourceTree = "<group>";
		};
		47FFDF8223593CC90006921E /* Preview Content */ = {
			isa = PBXGroup;
			children = (
				47FFDF8323593CC90006921E /* Preview Assets.xcassets */,
			);
			path = "Preview Content";
			sourceTree = "<group>";
		};
		B2BECAF281FFA7227A3E1995 /* Frameworks */ = {
			isa = PBXGroup;
			children = (
				9FB90DEE729B095EA61CE6AC /* Pods_save_our_species.framework */,
			);
			name = Frameworks;
			sourceTree = "<group>";
		};
/* End PBXGroup section */

/* Begin PBXNativeTarget section */
		47FFDF7623593CC50006921E /* save-our-species */ = {
			isa = PBXNativeTarget;
			buildConfigurationList = 47FFDF8B23593CC90006921E /* Build configuration list for PBXNativeTarget "save-our-species" */;
			buildPhases = (
				B23859964063E0BF0D165F3C /* [CP] Check Pods Manifest.lock */,
				47FFDF7323593CC50006921E /* Sources */,
				47FFDF7423593CC50006921E /* Frameworks */,
				47FFDF7523593CC50006921E /* Resources */,
				26148F91561018F35970400C /* [CP] Embed Pods Frameworks */,
			);
			buildRules = (
			);
			dependencies = (
			);
			name = "save-our-species";
			productName = "save-our-species";
			productReference = 47FFDF7723593CC50006921E /* save-our-species.app */;
			productType = "com.apple.product-type.application";
		};
/* End PBXNativeTarget section */

/* Begin PBXProject section */
		47FFDF6F23593CC50006921E /* Project object */ = {
			isa = PBXProject;
			attributes = {
				LastSwiftUpdateCheck = 1110;
				LastUpgradeCheck = 1110;
				ORGANIZATIONNAME = MarineVP;
				TargetAttributes = {
					47FFDF7623593CC50006921E = {
						CreatedOnToolsVersion = 11.1;
					};
				};
			};
			buildConfigurationList = 47FFDF7223593CC50006921E /* Build configuration list for PBXProject "save-our-species" */;
			compatibilityVersion = "Xcode 9.3";
			developmentRegion = en;
			hasScannedForEncodings = 0;
			knownRegions = (
				en,
				Base,
			);
			mainGroup = 47FFDF6E23593CC50006921E;
			productRefGroup = 47FFDF7823593CC50006921E /* Products */;
			projectDirPath = "";
			projectRoot = "";
			targets = (
				47FFDF7623593CC50006921E /* save-our-species */,
			);
		};
/* End PBXProject section */

/* Begin PBXResourcesBuildPhase section */
		47FFDF7523593CC50006921E /* Resources */ = {
			isa = PBXResourcesBuildPhase;
			buildActionMask = 2147483647;
			files = (
				47FFDF8723593CC90006921E /* LaunchScreen.storyboard in Resources */,
				47FFDF8423593CC90006921E /* Preview Assets.xcassets in Resources */,
				47FFDF8123593CC90006921E /* Assets.xcassets in Resources */,
			);
			runOnlyForDeploymentPostprocessing = 0;
		};
/* End PBXResourcesBuildPhase section */

/* Begin PBXShellScriptBuildPhase section */
		26148F91561018F35970400C /* [CP] Embed Pods Frameworks */ = {
			isa = PBXShellScriptBuildPhase;
			buildActionMask = 2147483647;
			files = (
			);
			inputFileListPaths = (
				"${PODS_ROOT}/Target Support Files/Pods-save-our-species/Pods-save-our-species-frameworks-${CONFIGURATION}-input-files.xcfilelist",
			);
			name = "[CP] Embed Pods Frameworks";
			outputFileListPaths = (
				"${PODS_ROOT}/Target Support Files/Pods-save-our-species/Pods-save-our-species-frameworks-${CONFIGURATION}-output-files.xcfilelist",
			);
			runOnlyForDeploymentPostprocessing = 0;
			shellPath = /bin/sh;
			shellScript = "\"${PODS_ROOT}/Target Support Files/Pods-save-our-species/Pods-save-our-species-frameworks.sh\"\n";
			showEnvVarsInLog = 0;
		};
		B23859964063E0BF0D165F3C /* [CP] Check Pods Manifest.lock */ = {
			isa = PBXShellScriptBuildPhase;
			buildActionMask = 2147483647;
			files = (
			);
			inputFileListPaths = (
			);
			inputPaths = (
				"${PODS_PODFILE_DIR_PATH}/Podfile.lock",
				"${PODS_ROOT}/Manifest.lock",
			);
			name = "[CP] Check Pods Manifest.lock";
			outputFileListPaths = (
			);
			outputPaths = (
				"$(DERIVED_FILE_DIR)/Pods-save-our-species-checkManifestLockResult.txt",
			);
			runOnlyForDeploymentPostprocessing = 0;
			shellPath = /bin/sh;
			shellScript = "diff \"${PODS_PODFILE_DIR_PATH}/Podfile.lock\" \"${PODS_ROOT}/Manifest.lock\" > /dev/null\nif [ $? != 0 ] ; then\n    # print error to STDERR\n    echo \"error: The sandbox is not in sync with the Podfile.lock. Run 'pod install' or update your CocoaPods installation.\" >&2\n    exit 1\nfi\n# This output is used by Xcode 'outputs' to avoid re-running this script phase.\necho \"SUCCESS\" > \"${SCRIPT_OUTPUT_FILE_0}\"\n";
			showEnvVarsInLog = 0;
		};
/* End PBXShellScriptBuildPhase section */

/* Begin PBXSourcesBuildPhase section */
		47FFDF7323593CC50006921E /* Sources */ = {
			isa = PBXSourcesBuildPhase;
			buildActionMask = 2147483647;
			files = (
				47FFDF7B23593CC50006921E /* AppDelegate.swift in Sources */,
				47FFDF7D23593CC50006921E /* SceneDelegate.swift in Sources */,
				47FFDF7F23593CC50006921E /* ContentView.swift in Sources */,
			);
			runOnlyForDeploymentPostprocessing = 0;
		};
/* End PBXSourcesBuildPhase section */

/* Begin PBXVariantGroup section */
		47FFDF8523593CC90006921E /* LaunchScreen.storyboard */ = {
			isa = PBXVariantGroup;
			children = (
				47FFDF8623593CC90006921E /* Base */,
			);
			name = LaunchScreen.storyboard;
			sourceTree = "<group>";
		};
/* End PBXVariantGroup section */

/* Begin XCBuildConfiguration section */
		47FFDF8923593CC90006921E /* Debug */ = {
			isa = XCBuildConfiguration;
			buildSettings = {
				ALWAYS_SEARCH_USER_PATHS = NO;
				CLANG_ANALYZER_NONNULL = YES;
				CLANG_ANALYZER_NUMBER_OBJECT_CONVERSION = YES_AGGRESSIVE;
				CLANG_CXX_LANGUAGE_STANDARD = "gnu++14";
				CLANG_CXX_LIBRARY = "libc++";
				CLANG_ENABLE_MODULES = YES;
				CLANG_ENABLE_OBJC_ARC = YES;
				CLANG_ENABLE_OBJC_WEAK = YES;
				CLANG_WARN_BLOCK_CAPTURE_AUTORELEASING = YES;
				CLANG_WARN_BOOL_CONVERSION = YES;
				CLANG_WARN_COMMA = YES;
				CLANG_WARN_CONSTANT_CONVERSION = YES;
				CLANG_WARN_DEPRECATED_OBJC_IMPLEMENTATIONS = YES;
				CLANG_WARN_DIRECT_OBJC_ISA_USAGE = YES_ERROR;
				CLANG_WARN_DOCUMENTATION_COMMENTS = YES;
				CLANG_WARN_EMPTY_BODY = YES;
				CLANG_WARN_ENUM_CONVERSION = YES;
				CLANG_WARN_INFINITE_RECURSION = YES;
				CLANG_WARN_INT_CONVERSION = YES;
				CLANG_WARN_NON_LITERAL_NULL_CONVERSION = YES;
				CLANG_WARN_OBJC_IMPLICIT_RETAIN_SELF = YES;
				CLANG_WARN_OBJC_LITERAL_CONVERSION = YES;
				CLANG_WARN_OBJC_ROOT_CLASS = YES_ERROR;
				CLANG_WARN_RANGE_LOOP_ANALYSIS = YES;
				CLANG_WARN_STRICT_PROTOTYPES = YES;
				CLANG_WARN_SUSPICIOUS_MOVE = YES;
				CLANG_WARN_UNGUARDED_AVAILABILITY = YES_AGGRESSIVE;
				CLANG_WARN_UNREACHABLE_CODE = YES;
				CLANG_WARN__DUPLICATE_METHOD_MATCH = YES;
				COPY_PHASE_STRIP = NO;
				DEBUG_INFORMATION_FORMAT = dwarf;
				ENABLE_STRICT_OBJC_MSGSEND = YES;
				ENABLE_TESTABILITY = YES;
				GCC_C_LANGUAGE_STANDARD = gnu11;
				GCC_DYNAMIC_NO_PIC = NO;
				GCC_NO_COMMON_BLOCKS = YES;
				GCC_OPTIMIZATION_LEVEL = 0;
				GCC_PREPROCESSOR_DEFINITIONS = (
					"DEBUG=1",
					"$(inherited)",
				);
				GCC_WARN_64_TO_32_BIT_CONVERSION = YES;
				GCC_WARN_ABOUT_RETURN_TYPE = YES_ERROR;
				GCC_WARN_UNDECLARED_SELECTOR = YES;
				GCC_WARN_UNINITIALIZED_AUTOS = YES_AGGRESSIVE;
				GCC_WARN_UNUSED_FUNCTION = YES;
				GCC_WARN_UNUSED_VARIABLE = YES;
				IPHONEOS_DEPLOYMENT_TARGET = 13.1;
				MTL_ENABLE_DEBUG_INFO = INCLUDE_SOURCE;
				MTL_FAST_MATH = YES;
				ONLY_ACTIVE_ARCH = YES;
				SDKROOT = iphoneos;
				SWIFT_ACTIVE_COMPILATION_CONDITIONS = DEBUG;
				SWIFT_OPTIMIZATION_LEVEL = "-Onone";
			};
			name = Debug;
		};
		47FFDF8A23593CC90006921E /* Release */ = {
			isa = XCBuildConfiguration;
			buildSettings = {
				ALWAYS_SEARCH_USER_PATHS = NO;
				CLANG_ANALYZER_NONNULL = YES;
				CLANG_ANALYZER_NUMBER_OBJECT_CONVERSION = YES_AGGRESSIVE;
				CLANG_CXX_LANGUAGE_STANDARD = "gnu++14";
				CLANG_CXX_LIBRARY = "libc++";
				CLANG_ENABLE_MODULES = YES;
				CLANG_ENABLE_OBJC_ARC = YES;
				CLANG_ENABLE_OBJC_WEAK = YES;
				CLANG_WARN_BLOCK_CAPTURE_AUTORELEASING = YES;
				CLANG_WARN_BOOL_CONVERSION = YES;
				CLANG_WARN_COMMA = YES;
				CLANG_WARN_CONSTANT_CONVERSION = YES;
				CLANG_WARN_DEPRECATED_OBJC_IMPLEMENTATIONS = YES;
				CLANG_WARN_DIRECT_OBJC_ISA_USAGE = YES_ERROR;
				CLANG_WARN_DOCUMENTATION_COMMENTS = YES;
				CLANG_WARN_EMPTY_BODY = YES;
				CLANG_WARN_ENUM_CONVERSION = YES;
				CLANG_WARN_INFINITE_RECURSION = YES;
				CLANG_WARN_INT_CONVERSION = YES;
				CLANG_WARN_NON_LITERAL_NULL_CONVERSION = YES;
				CLANG_WARN_OBJC_IMPLICIT_RETAIN_SELF = YES;
				CLANG_WARN_OBJC_LITERAL_CONVERSION = YES;
				CLANG_WARN_OBJC_ROOT_CLASS = YES_ERROR;
				CLANG_WARN_RANGE_LOOP_ANALYSIS = YES;
				CLANG_WARN_STRICT_PROTOTYPES = YES;
				CLANG_WARN_SUSPICIOUS_MOVE = YES;
				CLANG_WARN_UNGUARDED_AVAILABILITY = YES_AGGRESSIVE;
				CLANG_WARN_UNREACHABLE_CODE = YES;
				CLANG_WARN__DUPLICATE_METHOD_MATCH = YES;
				COPY_PHASE_STRIP = NO;
				DEBUG_INFORMATION_FORMAT = "dwarf-with-dsym";
				ENABLE_NS_ASSERTIONS = NO;
				ENABLE_STRICT_OBJC_MSGSEND = YES;
				GCC_C_LANGUAGE_STANDARD = gnu11;
				GCC_NO_COMMON_BLOCKS = YES;
				GCC_WARN_64_TO_32_BIT_CONVERSION = YES;
				GCC_WARN_ABOUT_RETURN_TYPE = YES_ERROR;
				GCC_WARN_UNDECLARED_SELECTOR = YES;
				GCC_WARN_UNINITIALIZED_AUTOS = YES_AGGRESSIVE;
				GCC_WARN_UNUSED_FUNCTION = YES;
				GCC_WARN_UNUSED_VARIABLE = YES;
				IPHONEOS_DEPLOYMENT_TARGET = 13.1;
				MTL_ENABLE_DEBUG_INFO = NO;
				MTL_FAST_MATH = YES;
				SDKROOT = iphoneos;
				SWIFT_COMPILATION_MODE = wholemodule;
				SWIFT_OPTIMIZATION_LEVEL = "-O";
				VALIDATE_PRODUCT = YES;
			};
			name = Release;
		};
		47FFDF8C23593CC90006921E /* Debug */ = {
			isa = XCBuildConfiguration;
			baseConfigurationReference = B89AC4F8D6A539525A1E5D30 /* Pods-save-our-species.debug.xcconfig */;
			buildSettings = {
				ASSETCATALOG_COMPILER_APPICON_NAME = AppIcon;
				CODE_SIGN_STYLE = Automatic;
				DEVELOPMENT_ASSET_PATHS = "\"save-our-species/Preview Content\"";
				ENABLE_PREVIEWS = YES;
				INFOPLIST_FILE = "save-our-species/Info.plist";
				LD_RUNPATH_SEARCH_PATHS = (
					"$(inherited)",
					"@executable_path/Frameworks",
				);
				PRODUCT_BUNDLE_IDENTIFIER = "com.marinevp.save-our-species";
				PRODUCT_NAME = "$(TARGET_NAME)";
				SWIFT_VERSION = 5.0;
				TARGETED_DEVICE_FAMILY = "1,2";
			};
			name = Debug;
		};
		47FFDF8D23593CC90006921E /* Release */ = {
			isa = XCBuildConfiguration;
			baseConfigurationReference = 11DECB4BB52F84F1CB36C721 /* Pods-save-our-species.release.xcconfig */;
			buildSettings = {
				ASSETCATALOG_COMPILER_APPICON_NAME = AppIcon;
				CODE_SIGN_STYLE = Automatic;
				DEVELOPMENT_ASSET_PATHS = "\"save-our-species/Preview Content\"";
				ENABLE_PREVIEWS = YES;
				INFOPLIST_FILE = "save-our-species/Info.plist";
				LD_RUNPATH_SEARCH_PATHS = (
					"$(inherited)",
					"@executable_path/Frameworks",
				);
				PRODUCT_BUNDLE_IDENTIFIER = "com.marinevp.save-our-species";
				PRODUCT_NAME = "$(TARGET_NAME)";
				SWIFT_VERSION = 5.0;
				TARGETED_DEVICE_FAMILY = "1,2";
			};
			name = Release;
		};
/* End XCBuildConfiguration section */

/* Begin XCConfigurationList section */
		47FFDF7223593CC50006921E /* Build configuration list for PBXProject "save-our-species" */ = {
			isa = XCConfigurationList;
			buildConfigurations = (
				47FFDF8923593CC90006921E /* Debug */,
				47FFDF8A23593CC90006921E /* Release */,
			);
			defaultConfigurationIsVisible = 0;
			defaultConfigurationName = Release;
		};
		47FFDF8B23593CC90006921E /* Build configuration list for PBXNativeTarget "save-our-species" */ = {
			isa = XCConfigurationList;
			buildConfigurations = (
				47FFDF8C23593CC90006921E /* Debug */,
				47FFDF8D23593CC90006921E /* Release */,
			);
			defaultConfigurationIsVisible = 0;
			defaultConfigurationName = Release;
		};
/* End XCConfigurationList section */
	};
	rootObject = 47FFDF6F23593CC50006921E /* Project object */;
}
